
Microsoft Visual Studio Solution File, Format Version 12.00
# Visual Studio Version 17
VisualStudioVersion = 17.10.34928.147
MinimumVisualStudioVersion = 10.0.40219.1
Project("{9A19103F-16F7-4668-BE54-9A1E7A4F7556}") = "Ecommerce", "Ecommerce\Ecommerce.csproj", "{32723106-7447-409D-AFA4-28913571EFE7}"
EndProject
Project("{9A19103F-16F7-4668-BE54-9A1E7A4F7556}") = "Ecommerce.Core", "Ecommerce.core\Ecommerce.Core.csproj", "{7859728B-0D22-4818-918E-0B62EF0F6CF9}"
EndProject
Project("{9A19103F-16F7-4668-BE54-9A1E7A4F7556}") = "Ecommerce.Repository", "Ecommerce.Repository\Ecommerce.Repository.csproj", "{A729DAB6-8862-4B4D-A3DA-99FD0B4A132C}"
EndProject
Project("{9A19103F-16F7-4668-BE54-9A1E7A4F7556}") = "Ecommerce.service", "Ecommerce.service\Ecommerce.service.csproj", "{C71B6481-93A1-4679-AEE6-E4A43BFB475D}"
EndProject
Project("{9A19103F-16F7-4668-BE54-9A1E7A4F7556}") = "Ecommerce.Contracts", "EcommerceContract\Ecommerce.Contracts.csproj", "{AED88090-35B0-46A4-BC74-7B1407DB81E1}"
EndProject
Global
	GlobalSection(SolutionConfigurationPlatforms) = preSolution
		Debug|Any CPU = Debug|Any CPU
		Release|Any CPU = Release|Any CPU
	EndGlobalSection
	GlobalSection(ProjectConfigurationPlatforms) = postSolution
		{32723106-7447-409D-AFA4-28913571EFE7}.Debug|Any CPU.ActiveCfg = Debug|Any CPU
		{32723106-7447-409D-AFA4-28913571EFE7}.Debug|Any CPU.Build.0 = Debug|Any CPU
		{32723106-7447-409D-AFA4-28913571EFE7}.Release|Any CPU.ActiveCfg = Release|Any CPU
		{32723106-7447-409D-AFA4-28913571EFE7}.Release|Any CPU.Build.0 = Release|Any CPU
		{7859728B-0D22-4818-918E-0B62EF0F6CF9}.Debug|Any CPU.ActiveCfg = Debug|Any CPU
		{7859728B-0D22-4818-918E-0B62EF0F6CF9}.Debug|Any CPU.Build.0 = Debug|Any CPU
		{7859728B-0D22-4818-918E-0B62EF0F6CF9}.Release|Any CPU.ActiveCfg = Release|Any CPU
		{7859728B-0D22-4818-918E-0B62EF0F6CF9}.Release|Any CPU.Build.0 = Release|Any CPU
		{A729DAB6-8862-4B4D-A3DA-99FD0B4A132C}.Debug|Any CPU.ActiveCfg = Debug|Any CPU
		{A729DAB6-8862-4B4D-A3DA-99FD0B4A132C}.Debug|Any CPU.Build.0 = Debug|Any CPU
		{A729DAB6-8862-4B4D-A3DA-99FD0B4A132C}.Release|Any CPU.ActiveCfg = Release|Any CPU
		{A729DAB6-8862-4B4D-A3DA-99FD0B4A132C}.Release|Any CPU.Build.0 = Release|Any CPU
		{C71B6481-93A1-4679-AEE6-E4A43BFB475D}.Debug|Any CPU.ActiveCfg = Debug|Any CPU
		{C71B6481-93A1-4679-AEE6-E4A43BFB475D}.Debug|Any CPU.Build.0 = Debug|Any CPU
		{C71B6481-93A1-4679-AEE6-E4A43BFB475D}.Release|Any CPU.ActiveCfg = Release|Any CPU
		{C71B6481-93A1-4679-AEE6-E4A43BFB475D}.Release|Any CPU.Build.0 = Release|Any CPU
		{AED88090-35B0-46A4-BC74-7B1407DB81E1}.Debug|Any CPU.ActiveCfg = Debug|Any CPU
		{AED88090-35B0-46A4-BC74-7B1407DB81E1}.Debug|Any CPU.Build.0 = Debug|Any CPU
		{AED88090-35B0-46A4-BC74-7B1407DB81E1}.Release|Any CPU.ActiveCfg = Release|Any CPU
		{AED88090-35B0-46A4-BC74-7B1407DB81E1}.Release|Any CPU.Build.0 = Release|Any CPU
	EndGlobalSection
	GlobalSection(SolutionProperties) = preSolution
		HideSolutionNode = FALSE
	EndGlobalSection
	GlobalSection(ExtensibilityGlobals) = postSolution
		SolutionGuid = {C4D4EBAD-1E5D-4944-AECE-B1CF7C9272A5}
	EndGlobalSection
EndGlobal
